// !$*UTF8*$!
{
	archiveVersion = 1;
	classes = {
	};
	objectVersion = 42;
	objects = {

/* Begin PBXBuildFile section */
		532428A3098D0BE500BDE982 /* ABGame.framework in Frameworks */ = {isa = PBXBuildFile; fileRef = 532428A1098D0BE500BDE982 /* ABGame.framework */; };
		532428A4098D0BE500BDE982 /* AlphaBeta.framework in Frameworks */ = {isa = PBXBuildFile; fileRef = 532428A2098D0BE500BDE982 /* AlphaBeta.framework */; };
		532428CC098D0C5400BDE982 /* PhageState.m in Sources */ = {isa = PBXBuildFile; fileRef = 532428CB098D0C5400BDE982 /* PhageState.m */; };
		532428EE098D120D00BDE982 /* PhageStateUnit.m in Sources */ = {isa = PBXBuildFile; fileRef = 532428ED098D120D00BDE982 /* PhageStateUnit.m */; };
		532428FB098D135700BDE982 /* PhageMove.m in Sources */ = {isa = PBXBuildFile; fileRef = 532428FA098D135700BDE982 /* PhageMove.m */; };
		53242963098E08BC00BDE982 /* ABGame.framework in CopyFiles */ = {isa = PBXBuildFile; fileRef = 532428A1098D0BE500BDE982 /* ABGame.framework */; };
		53242964098E08BC00BDE982 /* AlphaBeta.framework in CopyFiles */ = {isa = PBXBuildFile; fileRef = 532428A2098D0BE500BDE982 /* AlphaBeta.framework */; };
		53242969098E095300BDE982 /* ABGame.framework in Frameworks */ = {isa = PBXBuildFile; fileRef = 532428C5098D0C1B00BDE982 /* ABGame.framework */; };
		5324296A098E095400BDE982 /* AlphaBeta.framework in Frameworks */ = {isa = PBXBuildFile; fileRef = 532428BD098D0C1B00BDE982 /* AlphaBeta.framework */; };
		53EBE3FC098EA60E00F96E78 /* Cocoa.framework in Frameworks */ = {isa = PBXBuildFile; fileRef = 1058C7A1FEA54F0111CA2CBB /* Cocoa.framework */; };
		53EBE417098EA6FE00F96E78 /* PhageMove.m in Sources */ = {isa = PBXBuildFile; fileRef = 532428FA098D135700BDE982 /* PhageMove.m */; };
		53EBE418098EA70100F96E78 /* PhageState.m in Sources */ = {isa = PBXBuildFile; fileRef = 532428CB098D0C5400BDE982 /* PhageState.m */; };
		8D11072A0486CEB800E47090 /* MainMenu.nib in Resources */ = {isa = PBXBuildFile; fileRef = 29B97318FDCFA39411CA2CEA /* MainMenu.nib */; };
		8D11072B0486CEB800E47090 /* InfoPlist.strings in Resources */ = {isa = PBXBuildFile; fileRef = 089C165CFE840E0CC02AAC07 /* InfoPlist.strings */; };
		8D11072D0486CEB800E47090 /* main.m in Sources */ = {isa = PBXBuildFile; fileRef = 29B97316FDCFA39411CA2CEA /* main.m */; settings = {ATTRIBUTES = (); }; };
/* End PBXBuildFile section */

/* Begin PBXBuildStyle section */
		4A9504CCFFE6A4B311CA0CBA /* Debug */ = {
			isa = PBXBuildStyle;
			buildSettings = {
				COPY_PHASE_STRIP = NO;
				GCC_DYNAMIC_NO_PIC = NO;
				GCC_ENABLE_FIX_AND_CONTINUE = YES;
				GCC_GENERATE_DEBUGGING_SYMBOLS = YES;
				GCC_OPTIMIZATION_LEVEL = 0;
				PREBINDING = NO;
				ZERO_LINK = YES;
			};
			name = Debug;
		};
		4A9504CDFFE6A4B311CA0CBA /* Release */ = {
			isa = PBXBuildStyle;
			buildSettings = {
				COPY_PHASE_STRIP = YES;
				GCC_ENABLE_FIX_AND_CONTINUE = NO;
				GCC_GENERATE_DEBUGGING_SYMBOLS = NO;
				PREBINDING = NO;
				ZERO_LINK = NO;
			};
			name = Release;
		};
/* End PBXBuildStyle section */

/* Begin PBXContainerItemProxy section */
		532428BC098D0C1B00BDE982 /* PBXContainerItemProxy */ = {
			isa = PBXContainerItemProxy;
			containerPortal = 532428B3098D0C1A00BDE982 /* AlphaBeta.xcodeproj */;
			proxyType = 2;
			remoteGlobalIDString = 8DC2EF5B0486A6940098B216;
			remoteInfo = AlphaBeta;
		};
		532428BE098D0C1B00BDE982 /* PBXContainerItemProxy */ = {
			isa = PBXContainerItemProxy;
			containerPortal = 532428B3098D0C1A00BDE982 /* AlphaBeta.xcodeproj */;
			proxyType = 2;
			remoteGlobalIDString = 53C397CD095566D700E6E128;
			remoteInfo = Reversi;
		};
		532428C0098D0C1B00BDE982 /* PBXContainerItemProxy */ = {
			isa = PBXContainerItemProxy;
			containerPortal = 532428B3098D0C1A00BDE982 /* AlphaBeta.xcodeproj */;
			proxyType = 2;
			remoteGlobalIDString = 5357B5180955D68100E12436;
			remoteInfo = TicTacToe;
		};
		532428C2098D0C1B00BDE982 /* PBXContainerItemProxy */ = {
			isa = PBXContainerItemProxy;
			containerPortal = 532428B3098D0C1A00BDE982 /* AlphaBeta.xcodeproj */;
			proxyType = 2;
			remoteGlobalIDString = 53238ECB0963622C0064AFCD;
			remoteInfo = UnitTests;
		};
		532428C4098D0C1B00BDE982 /* PBXContainerItemProxy */ = {
			isa = PBXContainerItemProxy;
			containerPortal = 532428B3098D0C1A00BDE982 /* AlphaBeta.xcodeproj */;
			proxyType = 2;
			remoteGlobalIDString = 53E58C45098569B700234A93;
			remoteInfo = ABGame;
		};
		532428C8098D0C2A00BDE982 /* PBXContainerItemProxy */ = {
			isa = PBXContainerItemProxy;
			containerPortal = 532428B3098D0C1A00BDE982 /* AlphaBeta.xcodeproj */;
			proxyType = 1;
			remoteGlobalIDString = 53E58C44098569B700234A93;
			remoteInfo = ABGame;
		};
		53242928098E030800BDE982 /* PBXContainerItemProxy */ = {
			isa = PBXContainerItemProxy;
			containerPortal = 532428B3098D0C1A00BDE982 /* AlphaBeta.xcodeproj */;
			proxyType = 1;
			remoteGlobalIDString = 8DC2EF4F0486A6940098B216;
			remoteInfo = AlphaBeta;
		};
/* End PBXContainerItemProxy section */

/* Begin PBXCopyFilesBuildPhase section */
		5324295B098E089A00BDE982 /* CopyFiles */ = {
			isa = PBXCopyFilesBuildPhase;
			buildActionMask = 2147483647;
			dstPath = "";
			dstSubfolderSpec = 10;
			files = (
				53242963098E08BC00BDE982 /* ABGame.framework in CopyFiles */,
				53242964098E08BC00BDE982 /* AlphaBeta.framework in CopyFiles */,
			);
			runOnlyForDeploymentPostprocessing = 0;
		};
/* End PBXCopyFilesBuildPhase section */

/* Begin PBXFileReference section */
		089C165DFE840E0CC02AAC07 /* English */ = {isa = PBXFileReference; fileEncoding = 10; lastKnownFileType = text.plist.strings; name = English; path = English.lproj/InfoPlist.strings; sourceTree = "<group>"; };
		1058C7A1FEA54F0111CA2CBB /* Cocoa.framework */ = {isa = PBXFileReference; lastKnownFileType = wrapper.framework; name = Cocoa.framework; path = /System/Library/Frameworks/Cocoa.framework; sourceTree = "<absolute>"; };
		13E42FB307B3F0F600E4EEF1 /* CoreData.framework */ = {isa = PBXFileReference; lastKnownFileType = wrapper.framework; name = CoreData.framework; path = /System/Library/Frameworks/CoreData.framework; sourceTree = "<absolute>"; };
		29B97316FDCFA39411CA2CEA /* main.m */ = {isa = PBXFileReference; fileEncoding = 4; lastKnownFileType = sourcecode.c.objc; path = main.m; sourceTree = "<group>"; };
		29B97319FDCFA39411CA2CEA /* English */ = {isa = PBXFileReference; lastKnownFileType = wrapper.nib; name = English; path = English.lproj/MainMenu.nib; sourceTree = "<group>"; };
		29B97324FDCFA39411CA2CEA /* AppKit.framework */ = {isa = PBXFileReference; lastKnownFileType = wrapper.framework; name = AppKit.framework; path = /System/Library/Frameworks/AppKit.framework; sourceTree = "<absolute>"; };
		29B97325FDCFA39411CA2CEA /* Foundation.framework */ = {isa = PBXFileReference; lastKnownFileType = wrapper.framework; name = Foundation.framework; path = /System/Library/Frameworks/Foundation.framework; sourceTree = "<absolute>"; };
		32CA4F630368D1EE00C91783 /* Phage_Prefix.pch */ = {isa = PBXFileReference; fileEncoding = 4; lastKnownFileType = sourcecode.c.h; path = Phage_Prefix.pch; sourceTree = "<group>"; };
		532428A1098D0BE500BDE982 /* ABGame.framework */ = {isa = PBXFileReference; lastKnownFileType = wrapper.framework; name = ABGame.framework; path = ../AlphaBeta/build/Release/ABGame.framework; sourceTree = SOURCE_ROOT; };
		532428A2098D0BE500BDE982 /* AlphaBeta.framework */ = {isa = PBXFileReference; lastKnownFileType = wrapper.framework; name = AlphaBeta.framework; path = ../AlphaBeta/build/Release/AlphaBeta.framework; sourceTree = SOURCE_ROOT; };
		532428B3098D0C1A00BDE982 /* AlphaBeta.xcodeproj */ = {isa = PBXFileReference; lastKnownFileType = "wrapper.pb-project"; name = AlphaBeta.xcodeproj; path = ../AlphaBeta/AlphaBeta.xcodeproj; sourceTree = SOURCE_ROOT; };
		532428CA098D0C5400BDE982 /* PhageState.h */ = {isa = PBXFileReference; fileEncoding = 4; lastKnownFileType = sourcecode.c.h; path = PhageState.h; sourceTree = "<group>"; };
		532428CB098D0C5400BDE982 /* PhageState.m */ = {isa = PBXFileReference; fileEncoding = 4; lastKnownFileType = sourcecode.c.objc; path = PhageState.m; sourceTree = "<group>"; };
		532428E1098D11CD00BDE982 /* UnitTests.octest */ = {isa = PBXFileReference; explicitFileType = wrapper.cfbundle; includeInIndex = 0; path = UnitTests.octest; sourceTree = BUILT_PRODUCTS_DIR; };
		532428E2098D11CD00BDE982 /* UnitTests-Info.plist */ = {isa = PBXFileReference; lastKnownFileType = text.xml; path = "UnitTests-Info.plist"; sourceTree = "<group>"; };
		532428EC098D120D00BDE982 /* PhageStateUnit.h */ = {isa = PBXFileReference; fileEncoding = 4; lastKnownFileType = sourcecode.c.h; path = PhageStateUnit.h; sourceTree = "<group>"; };
		532428ED098D120D00BDE982 /* PhageStateUnit.m */ = {isa = PBXFileReference; fileEncoding = 4; lastKnownFileType = sourcecode.c.objc; path = PhageStateUnit.m; sourceTree = "<group>"; };
		532428F9098D135700BDE982 /* PhageMove.h */ = {isa = PBXFileReference; fileEncoding = 4; lastKnownFileType = sourcecode.c.h; path = PhageMove.h; sourceTree = "<group>"; };
		532428FA098D135700BDE982 /* PhageMove.m */ = {isa = PBXFileReference; fileEncoding = 4; lastKnownFileType = sourcecode.c.objc; path = PhageMove.m; sourceTree = "<group>"; };
		8D1107310486CEB800E47090 /* Info.plist */ = {isa = PBXFileReference; fileEncoding = 4; lastKnownFileType = text.plist; path = Info.plist; sourceTree = "<group>"; };
		8D1107320486CEB800E47090 /* Phage.app */ = {isa = PBXFileReference; explicitFileType = wrapper.application; includeInIndex = 0; path = Phage.app; sourceTree = BUILT_PRODUCTS_DIR; };
/* End PBXFileReference section */

/* Begin PBXFrameworksBuildPhase section */
		532428DE098D11CD00BDE982 /* Frameworks */ = {
			isa = PBXFrameworksBuildPhase;
			buildActionMask = 2147483647;
			files = (
			);
			runOnlyForDeploymentPostprocessing = 0;
		};
		8D11072E0486CEB800E47090 /* Frameworks */ = {
			isa = PBXFrameworksBuildPhase;
			buildActionMask = 2147483647;
			files = (
				532428A3098D0BE500BDE982 /* ABGame.framework in Frameworks */,
				532428A4098D0BE500BDE982 /* AlphaBeta.framework in Frameworks */,
				53242969098E095300BDE982 /* ABGame.framework in Frameworks */,
				5324296A098E095400BDE982 /* AlphaBeta.framework in Frameworks */,
				53EBE3FC098EA60E00F96E78 /* Cocoa.framework in Frameworks */,
			);
			runOnlyForDeploymentPostprocessing = 0;
		};
/* End PBXFrameworksBuildPhase section */

/* Begin PBXGroup section */
		080E96DDFE201D6D7F000001 /* Classes */ = {
			isa = PBXGroup;
			children = (
				532428F9098D135700BDE982 /* PhageMove.h */,
				532428FA098D135700BDE982 /* PhageMove.m */,
				532428CA098D0C5400BDE982 /* PhageState.h */,
				532428CB098D0C5400BDE982 /* PhageState.m */,
			);
			name = Classes;
			sourceTree = "<group>";
		};
		1058C7A0FEA54F0111CA2CBB /* Linked Frameworks */ = {
			isa = PBXGroup;
			children = (
				532428A1098D0BE500BDE982 /* ABGame.framework */,
				532428A2098D0BE500BDE982 /* AlphaBeta.framework */,
				1058C7A1FEA54F0111CA2CBB /* Cocoa.framework */,
			);
			name = "Linked Frameworks";
			sourceTree = "<group>";
		};
		1058C7A2FEA54F0111CA2CBB /* Other Frameworks */ = {
			isa = PBXGroup;
			children = (
				29B97324FDCFA39411CA2CEA /* AppKit.framework */,
				13E42FB307B3F0F600E4EEF1 /* CoreData.framework */,
				29B97325FDCFA39411CA2CEA /* Foundation.framework */,
			);
			name = "Other Frameworks";
			sourceTree = "<group>";
		};
		19C28FACFE9D520D11CA2CBB /* Products */ = {
			isa = PBXGroup;
			children = (
				8D1107320486CEB800E47090 /* Phage.app */,
				532428E1098D11CD00BDE982 /* UnitTests.octest */,
			);
			name = Products;
			sourceTree = "<group>";
		};
		29B97314FDCFA39411CA2CEA /* Phage */ = {
			isa = PBXGroup;
			children = (
				532428B3098D0C1A00BDE982 /* AlphaBeta.xcodeproj */,
				532428EA098D11E600BDE982 /* UnitTests */,
				080E96DDFE201D6D7F000001 /* Classes */,
				29B97315FDCFA39411CA2CEA /* Other Sources */,
				29B97317FDCFA39411CA2CEA /* Resources */,
				29B97323FDCFA39411CA2CEA /* Frameworks */,
				19C28FACFE9D520D11CA2CBB /* Products */,
				532428E2098D11CD00BDE982 /* UnitTests-Info.plist */,
			);
			name = Phage;
			sourceTree = "<group>";
		};
		29B97315FDCFA39411CA2CEA /* Other Sources */ = {
			isa = PBXGroup;
			children = (
				32CA4F630368D1EE00C91783 /* Phage_Prefix.pch */,
				29B97316FDCFA39411CA2CEA /* main.m */,
			);
			name = "Other Sources";
			sourceTree = "<group>";
		};
		29B97317FDCFA39411CA2CEA /* Resources */ = {
			isa = PBXGroup;
			children = (
				8D1107310486CEB800E47090 /* Info.plist */,
				089C165CFE840E0CC02AAC07 /* InfoPlist.strings */,
				29B97318FDCFA39411CA2CEA /* MainMenu.nib */,
			);
			name = Resources;
			sourceTree = "<group>";
		};
		29B97323FDCFA39411CA2CEA /* Frameworks */ = {
			isa = PBXGroup;
			children = (
				1058C7A0FEA54F0111CA2CBB /* Linked Frameworks */,
				1058C7A2FEA54F0111CA2CBB /* Other Frameworks */,
			);
			name = Frameworks;
			sourceTree = "<group>";
		};
		532428B4098D0C1A00BDE982 /* Products */ = {
			isa = PBXGroup;
			children = (
				532428BD098D0C1B00BDE982 /* AlphaBeta.framework */,
				532428BF098D0C1B00BDE982 /* Reversi.framework */,
				532428C1098D0C1B00BDE982 /* TicTacToe.framework */,
				532428C3098D0C1B00BDE982 /* UnitTests.octest */,
				532428C5098D0C1B00BDE982 /* ABGame.framework */,
			);
			name = Products;
			sourceTree = "<group>";
		};
		532428EA098D11E600BDE982 /* UnitTests */ = {
			isa = PBXGroup;
			children = (
				532428EC098D120D00BDE982 /* PhageStateUnit.h */,
				532428ED098D120D00BDE982 /* PhageStateUnit.m */,
			);
			name = UnitTests;
			sourceTree = "<group>";
		};
/* End PBXGroup section */

/* Begin PBXNativeTarget section */
		532428E0098D11CD00BDE982 /* UnitTests */ = {
			isa = PBXNativeTarget;
			buildConfigurationList = 532428E3098D11CE00BDE982 /* Build configuration list for PBXNativeTarget "UnitTests" */;
			buildPhases = (
				532428DC098D11CD00BDE982 /* Resources */,
				532428DD098D11CD00BDE982 /* Sources */,
				532428DE098D11CD00BDE982 /* Frameworks */,
				532428DF098D11CD00BDE982 /* ShellScript */,
			);
			buildRules = (
			);
			buildSettings = {
				GCC_ENABLE_OBJC_EXCEPTIONS = YES;
				GCC_GENERATE_DEBUGGING_SYMBOLS = NO;
				GCC_MODEL_TUNING = G5;
				GCC_PRECOMPILE_PREFIX_HEADER = YES;
				GCC_PREFIX_HEADER = "$(SYSTEM_LIBRARY_DIR)/Frameworks/Cocoa.framework/Headers/Cocoa.h";
				INFOPLIST_FILE = "UnitTests-Info.plist";
				INSTALL_PATH = "$(USER_LIBRARY_DIR)/Bundles";
				LIBRARY_STYLE = BUNDLE;
				OPTIMIZATION_CFLAGS = "";
				OTHER_CFLAGS = "";
				OTHER_LDFLAGS = (
					"-framework",
					Cocoa,
					"-framework",
					SenTestingKit,
				);
				OTHER_REZFLAGS = "";
				PREBINDING = NO;
				PRODUCT_NAME = UnitTests;
				SECTORDER_FLAGS = "";
				WARNING_CFLAGS = (
					"-Wmost",
					"-Wno-four-char-constants",
					"-Wno-unknown-pragmas",
				);
				WRAPPER_EXTENSION = octest;
			};
			dependencies = (
			);
			name = UnitTests;
			productName = UnitTests;
			productReference = 532428E1098D11CD00BDE982 /* UnitTests.octest */;
			productSettingsXML = "<?xml version=\"1.0\" encoding=\"UTF-8\"?>
<!DOCTYPE plist PUBLIC \"-//Apple Computer//DTD PLIST 1.0//EN\" \"http://www.apple.com/DTDs/PropertyList-1.0.dtd\">
<plist version=\"1.0\">
<dict>
	<key>CFBundleDevelopmentRegion</key>
	<string>English</string>
	<key>CFBundleExecutable</key>
	<string>UnitTests</string>
	<key>CFBundleIdentifier</key>
	<string>com.yourcompany.UnitTests</string>
	<key>CFBundleInfoDictionaryVersion</key>
	<string>6.0</string>
	<key>CFBundlePackageType</key>
	<string>APPL</string>
	<key>CFBundleSignature</key>
	<string>????</string>
	<key>CFBundleVersion</key>
	<string>1.0</string>
</dict>
</plist>
";
			productType = "com.apple.product-type.bundle";
		};
		8D1107260486CEB800E47090 /* Phage */ = {
			isa = PBXNativeTarget;
			buildConfigurationList = 532428A9098D0BE500BDE982 /* Build configuration list for PBXNativeTarget "Phage" */;
			buildPhases = (
				8D1107290486CEB800E47090 /* Resources */,
				8D11072C0486CEB800E47090 /* Sources */,
				8D11072E0486CEB800E47090 /* Frameworks */,
				5324295B098E089A00BDE982 /* CopyFiles */,
			);
			buildRules = (
			);
			buildSettings = {
				GCC_GENERATE_DEBUGGING_SYMBOLS = NO;
				GCC_PRECOMPILE_PREFIX_HEADER = YES;
				GCC_PREFIX_HEADER = Phage_Prefix.pch;
				GCC_WARN_ABOUT_RETURN_TYPE = YES;
				GCC_WARN_UNUSED_VARIABLE = YES;
				INFOPLIST_FILE = Info.plist;
				INSTALL_PATH = "$(HOME)/Applications";
				PRODUCT_NAME = Phage;
				WRAPPER_EXTENSION = app;
			};
			dependencies = (
				532428C9098D0C2A00BDE982 /* PBXTargetDependency */,
				53242929098E030800BDE982 /* PBXTargetDependency */,
			);
			name = Phage;
			productInstallPath = "$(HOME)/Applications";
			productName = Phage;
			productReference = 8D1107320486CEB800E47090 /* Phage.app */;
			productType = "com.apple.product-type.application";
		};
/* End PBXNativeTarget section */

/* Begin PBXProject section */
		29B97313FDCFA39411CA2CEA /* Project object */ = {
			isa = PBXProject;
			buildConfigurationList = 532428AD098D0BE500BDE982 /* Build configuration list for PBXProject "Phage" */;
			buildSettings = {
			};
			buildStyles = (
				4A9504CCFFE6A4B311CA0CBA /* Debug */,
				4A9504CDFFE6A4B311CA0CBA /* Release */,
			);
			hasScannedForEncodings = 1;
			mainGroup = 29B97314FDCFA39411CA2CEA /* Phage */;
			projectDirPath = "";
			projectReferences = (
				{
					ProductGroup = 532428B4098D0C1A00BDE982 /* Products */;
					ProjectRef = 532428B3098D0C1A00BDE982 /* AlphaBeta.xcodeproj */;
				},
			);
			targets = (
				8D1107260486CEB800E47090 /* Phage */,
				532428E0098D11CD00BDE982 /* UnitTests */,
			);
		};
/* End PBXProject section */

/* Begin PBXReferenceProxy section */
		532428BD098D0C1B00BDE982 /* AlphaBeta.framework */ = {
			isa = PBXReferenceProxy;
			fileType = wrapper.framework;
			path = AlphaBeta.framework;
			remoteRef = 532428BC098D0C1B00BDE982 /* PBXContainerItemProxy */;
			sourceTree = BUILT_PRODUCTS_DIR;
		};
		532428BF098D0C1B00BDE982 /* Reversi.framework */ = {
			isa = PBXReferenceProxy;
			fileType = wrapper.framework;
			path = Reversi.framework;
			remoteRef = 532428BE098D0C1B00BDE982 /* PBXContainerItemProxy */;
			sourceTree = BUILT_PRODUCTS_DIR;
		};
		532428C1098D0C1B00BDE982 /* TicTacToe.framework */ = {
			isa = PBXReferenceProxy;
			fileType = wrapper.framework;
			path = TicTacToe.framework;
			remoteRef = 532428C0098D0C1B00BDE982 /* PBXContainerItemProxy */;
			sourceTree = BUILT_PRODUCTS_DIR;
		};
		532428C3098D0C1B00BDE982 /* UnitTests.octest */ = {
			isa = PBXReferenceProxy;
			fileType = wrapper.cfbundle;
			path = UnitTests.octest;
			remoteRef = 532428C2098D0C1B00BDE982 /* PBXContainerItemProxy */;
			sourceTree = BUILT_PRODUCTS_DIR;
		};
		532428C5098D0C1B00BDE982 /* ABGame.framework */ = {
			isa = PBXReferenceProxy;
			fileType = wrapper.framework;
			path = ABGame.framework;
			remoteRef = 532428C4098D0C1B00BDE982 /* PBXContainerItemProxy */;
			sourceTree = BUILT_PRODUCTS_DIR;
		};
/* End PBXReferenceProxy section */

/* Begin PBXResourcesBuildPhase section */
		532428DC098D11CD00BDE982 /* Resources */ = {
			isa = PBXResourcesBuildPhase;
			buildActionMask = 2147483647;
			files = (
			);
			runOnlyForDeploymentPostprocessing = 0;
		};
		8D1107290486CEB800E47090 /* Resources */ = {
			isa = PBXResourcesBuildPhase;
			buildActionMask = 2147483647;
			files = (
				8D11072A0486CEB800E47090 /* MainMenu.nib in Resources */,
				8D11072B0486CEB800E47090 /* InfoPlist.strings in Resources */,
			);
			runOnlyForDeploymentPostprocessing = 0;
		};
/* End PBXResourcesBuildPhase section */

/* Begin PBXShellScriptBuildPhase section */
		532428DF098D11CD00BDE982 /* ShellScript */ = {
			isa = PBXShellScriptBuildPhase;
			buildActionMask = 2147483647;
			files = (
			);
			inputPaths = (
			);
			outputPaths = (
			);
			runOnlyForDeploymentPostprocessing = 0;
			shellPath = /bin/sh;
			shellScript = "# Run the unit tests in this test bundle.\n\"${SYSTEM_DEVELOPER_DIR}/Tools/RunUnitTests\"\n";
		};
/* End PBXShellScriptBuildPhase section */

/* Begin PBXSourcesBuildPhase section */
		532428DD098D11CD00BDE982 /* Sources */ = {
			isa = PBXSourcesBuildPhase;
			buildActionMask = 2147483647;
			files = (
				532428EE098D120D00BDE982 /* PhageStateUnit.m in Sources */,
				53EBE417098EA6FE00F96E78 /* PhageMove.m in Sources */,
				53EBE418098EA70100F96E78 /* PhageState.m in Sources */,
			);
			runOnlyForDeploymentPostprocessing = 0;
		};
		8D11072C0486CEB800E47090 /* Sources */ = {
			isa = PBXSourcesBuildPhase;
			buildActionMask = 2147483647;
			files = (
				8D11072D0486CEB800E47090 /* main.m in Sources */,
				532428CC098D0C5400BDE982 /* PhageState.m in Sources */,
				532428FB098D135700BDE982 /* PhageMove.m in Sources */,
			);
			runOnlyForDeploymentPostprocessing = 0;
		};
/* End PBXSourcesBuildPhase section */

/* Begin PBXTargetDependency section */
		532428C9098D0C2A00BDE982 /* PBXTargetDependency */ = {
			isa = PBXTargetDependency;
			name = ABGame;
			targetProxy = 532428C8098D0C2A00BDE982 /* PBXContainerItemProxy */;
		};
		53242929098E030800BDE982 /* PBXTargetDependency */ = {
			isa = PBXTargetDependency;
			name = AlphaBeta;
			targetProxy = 53242928098E030800BDE982 /* PBXContainerItemProxy */;
		};
/* End PBXTargetDependency section */

/* Begin PBXVariantGroup section */
		089C165CFE840E0CC02AAC07 /* InfoPlist.strings */ = {
			isa = PBXVariantGroup;
			children = (
				089C165DFE840E0CC02AAC07 /* English */,
			);
			name = InfoPlist.strings;
			sourceTree = "<group>";
		};
		29B97318FDCFA39411CA2CEA /* MainMenu.nib */ = {
			isa = PBXVariantGroup;
			children = (
				29B97319FDCFA39411CA2CEA /* English */,
			);
			name = MainMenu.nib;
			sourceTree = "<group>";
		};
/* End PBXVariantGroup section */

/* Begin XCBuildConfiguration section */
		532428AA098D0BE500BDE982 /* Debug */ = {
			isa = XCBuildConfiguration;
			buildSettings = {
				COPY_PHASE_STRIP = NO;
				FRAMEWORK_SEARCH_PATHS = "\"$(SRCROOT)/../AlphaBeta/build/Release\"";
				GCC_DYNAMIC_NO_PIC = NO;
				GCC_ENABLE_FIX_AND_CONTINUE = YES;
				GCC_GENERATE_DEBUGGING_SYMBOLS = YES;
				GCC_OPTIMIZATION_LEVEL = 0;
				GCC_PRECOMPILE_PREFIX_HEADER = YES;
				GCC_PREFIX_HEADER = Phage_Prefix.pch;
				GCC_WARN_ABOUT_RETURN_TYPE = YES;
				GCC_WARN_UNUSED_VARIABLE = YES;
				INFOPLIST_FILE = Info.plist;
				INSTALL_PATH = "$(HOME)/Applications";
				PREBINDING = NO;
				PRODUCT_NAME = Phage;
				WRAPPER_EXTENSION = app;
				ZERO_LINK = YES;
			};
			name = Debug;
		};
		532428AB098D0BE500BDE982 /* Release */ = {
			isa = XCBuildConfiguration;
			buildSettings = {
				COPY_PHASE_STRIP = YES;
				FRAMEWORK_SEARCH_PATHS = "\"$(SRCROOT)/../AlphaBeta/build/Release\"";
				GCC_ENABLE_FIX_AND_CONTINUE = NO;
				GCC_GENERATE_DEBUGGING_SYMBOLS = NO;
				GCC_PRECOMPILE_PREFIX_HEADER = YES;
				GCC_PREFIX_HEADER = Phage_Prefix.pch;
				GCC_WARN_ABOUT_RETURN_TYPE = YES;
				GCC_WARN_UNUSED_VARIABLE = YES;
				INFOPLIST_FILE = Info.plist;
				INSTALL_PATH = "$(HOME)/Applications";
				PREBINDING = NO;
				PRODUCT_NAME = Phage;
				WRAPPER_EXTENSION = app;
				ZERO_LINK = NO;
			};
			name = Release;
		};
		532428AC098D0BE500BDE982 /* Default */ = {
			isa = XCBuildConfiguration;
			buildSettings = {
				FRAMEWORK_SEARCH_PATHS = "\"$(SRCROOT)/../AlphaBeta/build/Release\"";
				GCC_GENERATE_DEBUGGING_SYMBOLS = NO;
				GCC_PRECOMPILE_PREFIX_HEADER = YES;
				GCC_PREFIX_HEADER = Phage_Prefix.pch;
				GCC_WARN_ABOUT_RETURN_TYPE = YES;
				GCC_WARN_UNUSED_VARIABLE = YES;
				INFOPLIST_FILE = Info.plist;
				INSTALL_PATH = "$(HOME)/Applications";
				PRODUCT_NAME = Phage;
				WRAPPER_EXTENSION = app;
			};
			name = Default;
		};
		532428AE098D0BE500BDE982 /* Debug */ = {
			isa = XCBuildConfiguration;
			buildSettings = {
			};
			name = Debug;
		};
		532428AF098D0BE500BDE982 /* Release */ = {
			isa = XCBuildConfiguration;
			buildSettings = {
			};
			name = Release;
		};
		532428B0098D0BE500BDE982 /* Default */ = {
			isa = XCBuildConfiguration;
			buildSettings = {
			};
			name = Default;
		};
		532428E4098D11CE00BDE982 /* Debug */ = {
			isa = XCBuildConfiguration;
			buildSettings = {
				COPY_PHASE_STRIP = NO;
				FRAMEWORK_SEARCH_PATHS = "\"$(SRCROOT)/../AlphaBeta/build/Release\"";
				GCC_ENABLE_OBJC_EXCEPTIONS = YES;
				GCC_GENERATE_DEBUGGING_SYMBOLS = YES;
				GCC_MODEL_TUNING = G5;
				GCC_PRECOMPILE_PREFIX_HEADER = YES;
				GCC_PREFIX_HEADER = "$(SYSTEM_LIBRARY_DIR)/Frameworks/Cocoa.framework/Headers/Cocoa.h";
				INFOPLIST_FILE = "UnitTests-Info.plist";
				INSTALL_PATH = "$(USER_LIBRARY_DIR)/Bundles";
				LIBRARY_STYLE = BUNDLE;
				OPTIMIZATION_CFLAGS = "-O0";
				OTHER_CFLAGS = "";
				OTHER_LDFLAGS = (
					"-framework",
					Cocoa,
					"-framework",
					SenTestingKit,
				);
				OTHER_REZFLAGS = "";
				PREBINDING = NO;
				PRODUCT_NAME = UnitTests;
				SECTORDER_FLAGS = "";
				WARNING_CFLAGS = (
					"-Wmost",
					"-Wno-four-char-constants",
					"-Wno-unknown-pragmas",
				);
				WRAPPER_EXTENSION = octest;
			};
			name = Debug;
		};
		532428E5098D11CE00BDE982 /* Release */ = {
			isa = XCBuildConfiguration;
			buildSettings = {
				COPY_PHASE_STRIP = YES;
				FRAMEWORK_SEARCH_PATHS = "\"$(SRCROOT)/../AlphaBeta/build/Release\"";
				GCC_ENABLE_OBJC_EXCEPTIONS = YES;
				GCC_GENERATE_DEBUGGING_SYMBOLS = NO;
				GCC_MODEL_TUNING = G5;
				GCC_PRECOMPILE_PREFIX_HEADER = YES;
				GCC_PREFIX_HEADER = "$(SYSTEM_LIBRARY_DIR)/Frameworks/Cocoa.framework/Headers/Cocoa.h";
				INFOPLIST_FILE = "UnitTests-Info.plist";
				INSTALL_PATH = "$(USER_LIBRARY_DIR)/Bundles";
				LIBRARY_STYLE = BUNDLE;
				OPTIMIZATION_CFLAGS = "-O0";
				OTHER_CFLAGS = "";
				OTHER_LDFLAGS = (
					"-framework",
					Cocoa,
					"-framework",
					SenTestingKit,
				);
				OTHER_REZFLAGS = "";
				PREBINDING = NO;
				PRODUCT_NAME = UnitTests;
				SECTORDER_FLAGS = "";
				WARNING_CFLAGS = (
					"-Wmost",
					"-Wno-four-char-constants",
					"-Wno-unknown-pragmas",
				);
				WRAPPER_EXTENSION = octest;
			};
			name = Release;
		};
		532428E6098D11CE00BDE982 /* Default */ = {
			isa = XCBuildConfiguration;
			buildSettings = {
				FRAMEWORK_SEARCH_PATHS = "\"$(SRCROOT)/../AlphaBeta/build/Release\"";
				GCC_ENABLE_OBJC_EXCEPTIONS = YES;
				GCC_GENERATE_DEBUGGING_SYMBOLS = NO;
				GCC_MODEL_TUNING = G5;
				GCC_PRECOMPILE_PREFIX_HEADER = YES;
				GCC_PREFIX_HEADER = "$(SYSTEM_LIBRARY_DIR)/Frameworks/Cocoa.framework/Headers/Cocoa.h";
				INFOPLIST_FILE = "UnitTests-Info.plist";
				INSTALL_PATH = "$(USER_LIBRARY_DIR)/Bundles";
				LIBRARY_STYLE = BUNDLE;
				OPTIMIZATION_CFLAGS = "-O0";
				OTHER_CFLAGS = "";
				OTHER_LDFLAGS = (
					"-framework",
					Cocoa,
					"-framework",
					SenTestingKit,
				);
				OTHER_REZFLAGS = "";
				PREBINDING = NO;
				PRODUCT_NAME = UnitTests;
				SECTORDER_FLAGS = "";
				WARNING_CFLAGS = (
					"-Wmost",
					"-Wno-four-char-constants",
					"-Wno-unknown-pragmas",
				);
				WRAPPER_EXTENSION = octest;
			};
			name = Default;
		};
/* End XCBuildConfiguration section */

/* Begin XCConfigurationList section */
		532428A9098D0BE500BDE982 /* Build configuration list for PBXNativeTarget "Phage" */ = {
			isa = XCConfigurationList;
			buildConfigurations = (
				532428AA098D0BE500BDE982 /* Debug */,
				532428AB098D0BE500BDE982 /* Release */,
				532428AC098D0BE500BDE982 /* Default */,
			);
			defaultConfigurationIsVisible = 0;
			defaultConfigurationName = Default;
		};
		532428AD098D0BE500BDE982 /* Build configuration list for PBXProject "Phage" */ = {
			isa = XCConfigurationList;
			buildConfigurations = (
				532428AE098D0BE500BDE982 /* Debug */,
				532428AF098D0BE500BDE982 /* Release */,
				532428B0098D0BE500BDE982 /* Default */,
			);
			defaultConfigurationIsVisible = 0;
			defaultConfigurationName = Default;
		};
		532428E3098D11CE00BDE982 /* Build configuration list for PBXNativeTarget "UnitTests" */ = {
			isa = XCConfigurationList;
			buildConfigurations = (
				532428E4098D11CE00BDE982 /* Debug */,
				532428E5098D11CE00BDE982 /* Release */,
				532428E6098D11CE00BDE982 /* Default */,
			);
			defaultConfigurationIsVisible = 0;
		};
/* End XCConfigurationList section */
	};
	rootObject = 29B97313FDCFA39411CA2CEA /* Project object */;
}
